<?xml version="1.0" encoding="utf-8"?>
<Project ToolsVersion="4.0" xmlns="http://schemas.microsoft.com/developer/msbuild/2003">
  <ItemGroup>
    <Filter Include="src">
      <UniqueIdentifier>{5e53bfa6-6de2-44e5-a9c8-62ba97c71c6b}</UniqueIdentifier>
    </Filter>
    <Filter Include="include">
      <UniqueIdentifier>{6c66b39a-5b45-4d7a-9230-1a24832693c0}</UniqueIdentifier>
    </Filter>
    <Filter Include="config">
      <UniqueIdentifier>{f30cbdbe-048a-4bb5-b4cd-0eda02836566}</UniqueIdentifier>
    </Filter>
    <Filter Include="src\sql">
      <UniqueIdentifier>{fa8eca5a-b988-4306-bd39-208ecdd46972}</UniqueIdentifier>
    </Filter>
    <Filter Include="src\StatProject">
      <UniqueIdentifier>{7cba3bc0-1993-4ae1-97d7-509aa9d821b8}</UniqueIdentifier>
    </Filter>
    <Filter Include="include\StatProject">
      <UniqueIdentifier>{c7f674f6-9313-41a9-8a0a-59f80fb693ff}</UniqueIdentifier>
    </Filter>
    <Filter Include="src\Lua">
      <UniqueIdentifier>{0468a8e4-b964-49a7-89a0-b3ba880740c8}</UniqueIdentifier>
    </Filter>
    <Filter Include="include\Lua">
      <UniqueIdentifier>{e4800e31-416d-48af-9e18-5d730f4efe56}</UniqueIdentifier>
    </Filter>
    <Filter Include="data">
      <UniqueIdentifier>{023da255-22fc-442d-ad27-cdae7b02c5e6}</UniqueIdentifier>
    </Filter>
    <Filter Include="www">
      <UniqueIdentifier>{b1c692f1-cf6a-435a-a21d-951330056d4f}</UniqueIdentifier>
    </Filter>
    <Filter Include="lua">
      <UniqueIdentifier>{a9d5e913-bf69-4b76-abc6-12003ac239e2}</UniqueIdentifier>
    </Filter>
    <Filter Include="lua\src">
      <UniqueIdentifier>{341759eb-2a10-4ad1-a477-e69606174514}</UniqueIdentifier>
    </Filter>
    <Filter Include="lua\lib">
      <UniqueIdentifier>{42254289-8f1a-4b01-aed2-680d6ba09dd7}</UniqueIdentifier>
    </Filter>
    <Filter Include="lua\include">
      <UniqueIdentifier>{7ab89fcc-1ca9-463e-b9a2-1c37a5d33b0d}</UniqueIdentifier>
    </Filter>
    <Filter Include="www\upload">
      <UniqueIdentifier>{4735a8df-cf86-4e2a-b1af-83b557ac1b9d}</UniqueIdentifier>
    </Filter>
    <Filter Include="www\data">
      <UniqueIdentifier>{a3b5537e-d042-4846-a315-a4393e92706d}</UniqueIdentifier>
    </Filter>
    <Filter Include="include\Data">
      <UniqueIdentifier>{d5cade94-8c43-468b-96f3-84cfbdd1e70c}</UniqueIdentifier>
    </Filter>
    <Filter Include="include\Parser">
      <UniqueIdentifier>{d377d6ac-51a2-4a56-9e8f-d082b23aac69}</UniqueIdentifier>
    </Filter>
    <Filter Include="src\OpenCL">
      <UniqueIdentifier>{79a33f66-743a-4c3c-8fd4-995c9db106c5}</UniqueIdentifier>
    </Filter>
  </ItemGroup>
  <ItemGroup>
    <ClCompile Include="src\main.cpp">
      <Filter>src</Filter>
    </ClCompile>
    <ClCompile Include="src\Connection.cpp">
      <Filter>src</Filter>
    </ClCompile>
    <ClCompile Include="src\HTMLParser.cpp">
      <Filter>src</Filter>
    </ClCompile>
    <ClCompile Include="src\JSONParser.cpp">
      <Filter>src</Filter>
    </ClCompile>
    <ClCompile Include="src\Database.cpp">
      <Filter>src</Filter>
    </ClCompile>
    <ClCompile Include="src\Config.cpp">
      <Filter>src</Filter>
    </ClCompile>
    <ClCompile Include="src\IO.cpp">
      <Filter>src</Filter>
    </ClCompile>
    <ClCompile Include="src\modulemain.cpp">
      <Filter>src</Filter>
    </ClCompile>
    <ClCompile Include="src\StatProject.cpp">
      <Filter>src\StatProject</Filter>
    </ClCompile>
    <ClCompile Include="src\StatProjectLua.cpp">
      <Filter>src\StatProject</Filter>
    </ClCompile>
    <ClCompile Include="src\Test.cpp">
      <Filter>src\Lua</Filter>
    </ClCompile>
    <ClCompile Include="src\TSVParser.cpp">
      <Filter>src</Filter>
    </ClCompile>
    <ClCompile Include="src\ExcelParser.cpp">
      <Filter>src</Filter>
    </ClCompile>
    <ClCompile Include="src\Dataset.cpp">
      <Filter>src</Filter>
    </ClCompile>
    <ClCompile Include="src\Data.cpp">
      <Filter>src\Lua</Filter>
    </ClCompile>
    <ClCompile Include="src\StringHelpers.cpp">
      <Filter>src\Lua</Filter>
    </ClCompile>
    <ClCompile Include="src\OpenCL.cpp">
      <Filter>src</Filter>
    </ClCompile>
  </ItemGroup>
  <ItemGroup>
    <None Include="makefile" />
    <None Include="config\config.ini">
      <Filter>config</Filter>
    </None>
    <None Include="src\sql\database.sql">
      <Filter>src\sql</Filter>
    </None>
    <None Include="config\config.ini.backup">
      <Filter>config</Filter>
    </None>
    <None Include="include\LuaHelpers.inl">
      <Filter>include\Lua</Filter>
    </None>
    <None Include="data\Meeting(1) S2017-report.tsv">
      <Filter>data</Filter>
    </None>
    <None Include="www\index.html">
      <Filter>www</Filter>
    </None>
    <None Include="lua\src\main.lua">
      <Filter>lua\src</Filter>
    </None>
    <None Include="lua\lib\luvit-loader.lua">
      <Filter>lua\lib</Filter>
    </None>
    <None Include="StartServer.sh" />
    <None Include="lua\include\StatProject.lua">
      <Filter>lua\include</Filter>
    </None>
    <None Include="lua\include\Utils.lua">
      <Filter>lua\include</Filter>
    </None>
    <None Include="www\upload\data.lua">
      <Filter>www\upload</Filter>
    </None>
    <None Include="www\main.css">
      <Filter>www</Filter>
    </None>
    <None Include="www\data\ExcelFiles.lua">
      <Filter>www\data</Filter>
    </None>
    <None Include="src\Typeform.cpp">
      <Filter>src</Filter>
    </None>
    <None Include="include\Dataset.inl">
      <Filter>include\Data</Filter>
    </None>
    <None Include="www\data\Typeforms.lua">
      <Filter>www\data</Filter>
    </None>
    <None Include="src\OpenCL\Test.cl">
      <Filter>src\OpenCL</Filter>
    </None>
  </ItemGroup>
  <ItemGroup>
    <ClInclude Include="include\Connection.h">
      <Filter>include</Filter>
    </ClInclude>
    <ClInclude Include="include\IO.h">
      <Filter>include</Filter>
    </ClInclude>
    <ClInclude Include="include\Config.h">
      <Filter>include</Filter>
    </ClInclude>
    <ClInclude Include="include\StatProject.h">
      <Filter>include\StatProject</Filter>
    </ClInclude>
    <ClInclude Include="include\StatProjectLua.h">
      <Filter>include\StatProject</Filter>
    </ClInclude>
    <ClInclude Include="include\StringHelpers.h">
      <Filter>include</Filter>
    </ClInclude>
    <ClInclude Include="include\Database.h">
      <Filter>include\Data</Filter>
    </ClInclude>
    <ClInclude Include="include\Dataset.h">
      <Filter>include\Data</Filter>
    </ClInclude>
    <ClInclude Include="include\JSONParser.h">
      <Filter>include\Parser</Filter>
    </ClInclude>
    <ClInclude Include="include\TSVParser.h">
      <Filter>include\Parser</Filter>
    </ClInclude>
    <ClInclude Include="include\ExcelParser.h">
      <Filter>include\Parser</Filter>
    </ClInclude>
    <ClInclude Include="include\HTMLParser.h">
      <Filter>include\Parser</Filter>
    </ClInclude>
    <ClInclude Include="include\Typeform.h">
      <Filter>include\Data</Filter>
    </ClInclude>
  </ItemGroup>
</Project>